
Microsoft Visual Studio Solution File, Format Version 12.00
# Visual Studio Version 16
VisualStudioVersion = 16.0.30717.126
MinimumVisualStudioVersion = 10.0.40219.1
Project("{9A19103F-16F7-4668-BE54-9A1E7A4F7556}") = "LibraryManagementSystem", "LibraryManagementSystem\LibraryManagementSystem.csproj", "{D86E85A8-941D-48BB-94DF-B553E1500812}"
EndProject
Project("{9A19103F-16F7-4668-BE54-9A1E7A4F7556}") = "Repositories", "Repositories\Repositories.csproj", "{F23DDC07-A22C-42CB-8A5C-8C0069FAE8C7}"
EndProject
Project("{9A19103F-16F7-4668-BE54-9A1E7A4F7556}") = "Models", "Models\Models.csproj", "{17D95BAC-4D06-4A40-A53C-DDFD06084EBE}"
EndProject
Project("{9A19103F-16F7-4668-BE54-9A1E7A4F7556}") = "DTO", "DTO\DTO.csproj", "{9BC08172-4237-4CA3-9146-58CE67B9F4C0}"
	ProjectSection(ProjectDependencies) = postProject
		{17D95BAC-4D06-4A40-A53C-DDFD06084EBE} = {17D95BAC-4D06-4A40-A53C-DDFD06084EBE}
	EndProjectSection
EndProject
Global
	GlobalSection(SolutionConfigurationPlatforms) = preSolution
		Debug|Any CPU = Debug|Any CPU
		Release|Any CPU = Release|Any CPU
	EndGlobalSection
	GlobalSection(ProjectConfigurationPlatforms) = postSolution
		{D86E85A8-941D-48BB-94DF-B553E1500812}.Debug|Any CPU.ActiveCfg = Debug|Any CPU
		{D86E85A8-941D-48BB-94DF-B553E1500812}.Debug|Any CPU.Build.0 = Debug|Any CPU
		{D86E85A8-941D-48BB-94DF-B553E1500812}.Release|Any CPU.ActiveCfg = Release|Any CPU
		{D86E85A8-941D-48BB-94DF-B553E1500812}.Release|Any CPU.Build.0 = Release|Any CPU
		{F23DDC07-A22C-42CB-8A5C-8C0069FAE8C7}.Debug|Any CPU.ActiveCfg = Debug|Any CPU
		{F23DDC07-A22C-42CB-8A5C-8C0069FAE8C7}.Debug|Any CPU.Build.0 = Debug|Any CPU
		{F23DDC07-A22C-42CB-8A5C-8C0069FAE8C7}.Release|Any CPU.ActiveCfg = Release|Any CPU
		{F23DDC07-A22C-42CB-8A5C-8C0069FAE8C7}.Release|Any CPU.Build.0 = Release|Any CPU
		{17D95BAC-4D06-4A40-A53C-DDFD06084EBE}.Debug|Any CPU.ActiveCfg = Debug|Any CPU
		{17D95BAC-4D06-4A40-A53C-DDFD06084EBE}.Debug|Any CPU.Build.0 = Debug|Any CPU
		{17D95BAC-4D06-4A40-A53C-DDFD06084EBE}.Release|Any CPU.ActiveCfg = Release|Any CPU
		{17D95BAC-4D06-4A40-A53C-DDFD06084EBE}.Release|Any CPU.Build.0 = Release|Any CPU
		{9BC08172-4237-4CA3-9146-58CE67B9F4C0}.Debug|Any CPU.ActiveCfg = Debug|Any CPU
		{9BC08172-4237-4CA3-9146-58CE67B9F4C0}.Debug|Any CPU.Build.0 = Debug|Any CPU
		{9BC08172-4237-4CA3-9146-58CE67B9F4C0}.Release|Any CPU.ActiveCfg = Release|Any CPU
		{9BC08172-4237-4CA3-9146-58CE67B9F4C0}.Release|Any CPU.Build.0 = Release|Any CPU
	EndGlobalSection
	GlobalSection(SolutionProperties) = preSolution
		HideSolutionNode = FALSE
	EndGlobalSection
	GlobalSection(ExtensibilityGlobals) = postSolution
		SolutionGuid = {3104BED6-E33C-43B8-88C6-69EE141AAFC1}
	EndGlobalSection
EndGlobal
